
Microsoft Visual Studio Solution File, Format Version 12.00
# Visual Studio 15
VisualStudioVersion = 15.0.26430.16
MinimumVisualStudioVersion = 10.0.40219.1
Project("{FAE04EC0-301F-11D3-BF4B-00C04F79EFBC}") = "FrogJumping", "FrogJumping\FrogJumping.csproj", "{AA8F4F46-A710-4287-A166-094D27A71F16}"
EndProject
Project("{FAE04EC0-301F-11D3-BF4B-00C04F79EFBC}") = "FrogTesting", "FrogTesting\FrogTesting.csproj", "{D6BD0725-2671-4B88-8655-696A5976022B}"
EndProject
Project("{FAE04EC0-301F-11D3-BF4B-00C04F79EFBC}") = "DenBedsteTest", "DenBedsteTest\DenBedsteTest.csproj", "{F1F2D41C-D306-4A23-9656-E56609FDAA43}"
EndProject
Global
	GlobalSection(SolutionConfigurationPlatforms) = preSolution
		Debug|Any CPU = Debug|Any CPU
		Release|Any CPU = Release|Any CPU
	EndGlobalSection
	GlobalSection(ProjectConfigurationPlatforms) = postSolution
		{AA8F4F46-A710-4287-A166-094D27A71F16}.Debug|Any CPU.ActiveCfg = Debug|Any CPU
		{AA8F4F46-A710-4287-A166-094D27A71F16}.Debug|Any CPU.Build.0 = Debug|Any CPU
		{AA8F4F46-A710-4287-A166-094D27A71F16}.Release|Any CPU.ActiveCfg = Release|Any CPU
		{AA8F4F46-A710-4287-A166-094D27A71F16}.Release|Any CPU.Build.0 = Release|Any CPU
		{D6BD0725-2671-4B88-8655-696A5976022B}.Debug|Any CPU.ActiveCfg = Debug|Any CPU
		{D6BD0725-2671-4B88-8655-696A5976022B}.Debug|Any CPU.Build.0 = Debug|Any CPU
		{D6BD0725-2671-4B88-8655-696A5976022B}.Release|Any CPU.ActiveCfg = Release|Any CPU
		{D6BD0725-2671-4B88-8655-696A5976022B}.Release|Any CPU.Build.0 = Release|Any CPU
		{F1F2D41C-D306-4A23-9656-E56609FDAA43}.Debug|Any CPU.ActiveCfg = Debug|Any CPU
		{F1F2D41C-D306-4A23-9656-E56609FDAA43}.Debug|Any CPU.Build.0 = Debug|Any CPU
		{F1F2D41C-D306-4A23-9656-E56609FDAA43}.Release|Any CPU.ActiveCfg = Release|Any CPU
		{F1F2D41C-D306-4A23-9656-E56609FDAA43}.Release|Any CPU.Build.0 = Release|Any CPU
	EndGlobalSection
	GlobalSection(SolutionProperties) = preSolution
		HideSolutionNode = FALSE
	EndGlobalSection
EndGlobal
